
Microsoft Visual Studio Solution File, Format Version 12.00
# Visual Studio Version 17
VisualStudioVersion = 17.5.33516.290
MinimumVisualStudioVersion = 10.0.40219.1
Project("{FAE04EC0-301F-11D3-BF4B-00C04F79EFBC}") = "Lab3", "Lab3\Lab3.csproj", "{BA7A0E8C-A4FE-4F41-96A6-DE177EF8875E}"
EndProject
Global
	GlobalSection(SolutionConfigurationPlatforms) = preSolution
		Debug|Any CPU = Debug|Any CPU
		Release|Any CPU = Release|Any CPU
	EndGlobalSection
	GlobalSection(ProjectConfigurationPlatforms) = postSolution
		{BA7A0E8C-A4FE-4F41-96A6-DE177EF8875E}.Debug|Any CPU.ActiveCfg = Debug|Any CPU
		{BA7A0E8C-A4FE-4F41-96A6-DE177EF8875E}.Debug|Any CPU.Build.0 = Debug|Any CPU
		{BA7A0E8C-A4FE-4F41-96A6-DE177EF8875E}.Release|Any CPU.ActiveCfg = Release|Any CPU
		{BA7A0E8C-A4FE-4F41-96A6-DE177EF8875E}.Release|Any CPU.Build.0 = Release|Any CPU
	EndGlobalSection
	GlobalSection(SolutionProperties) = preSolution
		HideSolutionNode = FALSE
	EndGlobalSection
	GlobalSection(ExtensibilityGlobals) = postSolution
		SolutionGuid = {E5A05F4D-09D8-4558-8194-E993BE9635BF}
	EndGlobalSection
EndGlobal
